<?xml version="1.0" encoding="utf-8"?>
<Project ToolsVersion="4.0" xmlns="http://schemas.microsoft.com/developer/msbuild/2003">
  <ItemGroup>
    <Filter Include="class">
      <UniqueIdentifier>{8a7f1ee3-36fc-4f1c-abd6-33f6c8b95f11}</UniqueIdentifier>
    </Filter>
    <Filter Include="class\property">
      <UniqueIdentifier>{22b0283f-ce43-4767-b216-38d8540bd127}</UniqueIdentifier>
    </Filter>
    <Filter Include="core">
      <UniqueIdentifier>{db18c095-47d7-490e-aaae-e3a22225a7aa}</UniqueIdentifier>
    </Filter>
    <Filter Include="type">
      <UniqueIdentifier>{fbb2c830-fbe2-4ae6-9504-2a8fa165c772}</UniqueIdentifier>
    </Filter>
  </ItemGroup>
  <ItemGroup>
    <ClInclude Include="..\sources\reflective_common.h" />
    <ClInclude Include="..\sources\core\PtrString.h">
      <Filter>core</Filter>
    </ClInclude>
    <ClInclude Include="..\sources\core\StringHash.h">
      <Filter>core</Filter>
    </ClInclude>
    <ClInclude Include="..\sources\reflective_settings.h" />
    <ClInclude Include="..\sources\type\QualifiedTypeRef.h">
      <Filter>type</Filter>
    </ClInclude>
    <ClInclude Include="..\sources\type\StaticQualification.h">
      <Filter>type</Filter>
    </ClInclude>
    <ClInclude Include="..\sources\type\Type.h">
      <Filter>type</Filter>
    </ClInclude>
    <ClInclude Include="..\sources\core\Symbol.h">
      <Filter>core</Filter>
    </ClInclude>
    <ClInclude Include="..\sources\type\Qualification.h">
      <Filter>type</Filter>
    </ClInclude>
    <ClInclude Include="..\sources\core\SymbolList.h">
      <Filter>core</Filter>
    </ClInclude>
    <ClInclude Include="..\sources\core\Identifier.h">
      <Filter>core</Filter>
    </ClInclude>
    <ClInclude Include="..\sources\type\SpecialFunctions.h">
      <Filter>type</Filter>
    </ClInclude>
    <ClInclude Include="..\sources\Namespace.h" />
    <ClInclude Include="..\sources\class\property\Property.h">
      <Filter>class\property</Filter>
    </ClInclude>
    <ClInclude Include="..\sources\class\Class.h">
      <Filter>class</Filter>
    </ClInclude>
    <ClInclude Include="..\sources\class\ClassMember.h">
      <Filter>class</Filter>
    </ClInclude>
    <ClInclude Include="..\sources\GetType.h" />
    <ClInclude Include="..\sources\class\property\DataMemberProperty.h">
      <Filter>class\property</Filter>
    </ClInclude>
    <ClInclude Include="..\sources\reflective.h" />
    <ClInclude Include="..\sources\core\TextOutBuffer.h">
      <Filter>core</Filter>
    </ClInclude>
    <ClInclude Include="..\sources\core\TextInBuffer.h">
      <Filter>core</Filter>
    </ClInclude>
    <ClInclude Include="..\sources\core\traits.h">
      <Filter>core</Filter>
    </ClInclude>
  </ItemGroup>
  <ItemGroup>
    <ClCompile Include="..\sources\type\QualifiedTypeRef.cpp">
      <Filter>type</Filter>
    </ClCompile>
    <ClCompile Include="..\sources\type\Type.cpp">
      <Filter>type</Filter>
    </ClCompile>
    <ClCompile Include="..\sources\type\Qualification.cpp">
      <Filter>type</Filter>
    </ClCompile>
    <ClCompile Include="..\sources\type\SpecialFunctions.cpp">
      <Filter>type</Filter>
    </ClCompile>
    <ClCompile Include="..\sources\class\property\Property.cpp">
      <Filter>class\property</Filter>
    </ClCompile>
    <ClCompile Include="..\sources\class\Class.cpp">
      <Filter>class</Filter>
    </ClCompile>
    <ClCompile Include="..\sources\class\ClassMember.cpp">
      <Filter>class</Filter>
    </ClCompile>
    <ClCompile Include="..\sources\Namespace.cpp" />
    <ClCompile Include="..\sources\reflective.cpp" />
    <ClCompile Include="..\sources\core\TextOutBuffer.cpp">
      <Filter>core</Filter>
    </ClCompile>
    <ClCompile Include="..\sources\core\TextInBuffer.cpp">
      <Filter>core</Filter>
    </ClCompile>
  </ItemGroup>
  <ItemGroup>
    <None Include="..\sources\type\SpecialFunctions.inl">
      <Filter>type</Filter>
    </None>
    <None Include="..\sources\type\Type.inl">
      <Filter>type</Filter>
    </None>
    <None Include="..\sources\GetType.inl" />
  </ItemGroup>
</Project>