<?xml version="1.0" encoding="utf-8"?>
<Project ToolsVersion="4.0" xmlns="http://schemas.microsoft.com/developer/msbuild/2003">
  <ItemGroup>
    <Filter Include="core">
      <UniqueIdentifier>{db18c095-47d7-490e-aaae-e3a22225a7aa}</UniqueIdentifier>
    </Filter>
    <Filter Include="reflection">
      <UniqueIdentifier>{fbb2c830-fbe2-4ae6-9504-2a8fa165c772}</UniqueIdentifier>
    </Filter>
    <Filter Include="unit_testing">
      <UniqueIdentifier>{4d0f4d0c-212d-4cb7-aa11-7a286d93f211}</UniqueIdentifier>
    </Filter>
    <Filter Include="reflection\property">
      <UniqueIdentifier>{5aee0120-f38c-441c-8026-8735713eb228}</UniqueIdentifier>
    </Filter>
  </ItemGroup>
  <ItemGroup>
    <ClInclude Include="..\sources\reflective_common.h" />
    <ClInclude Include="..\sources\reflective_settings.h" />
    <ClInclude Include="..\sources\reflective.h" />
    <ClInclude Include="..\sources\core\traits.h">
      <Filter>core</Filter>
    </ClInclude>
    <ClInclude Include="..\sources\core\identifier.h">
      <Filter>core</Filter>
    </ClInclude>
    <ClInclude Include="..\sources\core\out_string_buffer.h">
      <Filter>core</Filter>
    </ClInclude>
    <ClInclude Include="..\sources\core\ptr_string.h">
      <Filter>core</Filter>
    </ClInclude>
    <ClInclude Include="..\sources\core\string_hash.h">
      <Filter>core</Filter>
    </ClInclude>
    <ClInclude Include="..\sources\reflection\qualified_type_ptr.h">
      <Filter>reflection</Filter>
    </ClInclude>
    <ClInclude Include="..\sources\reflection\special_functions.h">
      <Filter>reflection</Filter>
    </ClInclude>
    <ClInclude Include="..\sources\reflection\string_functions.h">
      <Filter>reflection</Filter>
    </ClInclude>
    <ClInclude Include="..\sources\reflection\type.h">
      <Filter>reflection</Filter>
    </ClInclude>
    <ClInclude Include="..\sources\reflection\enum.h">
      <Filter>reflection</Filter>
    </ClInclude>
    <ClInclude Include="..\sources\reflection\enum_member.h">
      <Filter>reflection</Filter>
    </ClInclude>
    <ClInclude Include="..\sources\reflection\get_naked_type.h">
      <Filter>reflection</Filter>
    </ClInclude>
    <ClInclude Include="..\sources\reflection\namespace.h">
      <Filter>reflection</Filter>
    </ClInclude>
    <ClInclude Include="..\sources\reflection\obj_ptr.h">
      <Filter>reflection</Filter>
    </ClInclude>
    <ClInclude Include="..\sources\reflection\primitive_types.h">
      <Filter>reflection</Filter>
    </ClInclude>
    <ClInclude Include="..\sources\reflection\class_template.h">
      <Filter>reflection</Filter>
    </ClInclude>
    <ClInclude Include="..\sources\reflection\parameter.h">
      <Filter>reflection</Filter>
    </ClInclude>
    <ClInclude Include="..\sources\reflection\global_registry.h">
      <Filter>reflection</Filter>
    </ClInclude>
    <ClInclude Include="..\sources\reflection\namespace_member.h">
      <Filter>reflection</Filter>
    </ClInclude>
    <ClInclude Include="..\sources\core\list.h">
      <Filter>core</Filter>
    </ClInclude>
    <ClInclude Include="..\sources\reflection\symbol.h">
      <Filter>reflection</Filter>
    </ClInclude>
    <ClInclude Include="..\sources\reflection\class.h">
      <Filter>reflection</Filter>
    </ClInclude>
    <ClInclude Include="..\sources\reflection\class_member.h">
      <Filter>reflection</Filter>
    </ClInclude>
    <ClInclude Include="..\sources\reflection\property\property.h">
      <Filter>reflection\property</Filter>
    </ClInclude>
    <ClInclude Include="..\sources\reflection\property\data_member_property.h">
      <Filter>reflection\property</Filter>
    </ClInclude>
    <ClInclude Include="..\sources\unit_testing\uint_test_manager.h">
      <Filter>unit_testing</Filter>
    </ClInclude>
    <ClInclude Include="..\sources\unit_testing\unit_testing.h">
      <Filter>unit_testing</Filter>
    </ClInclude>
    <ClInclude Include="..\sources\core\fut_std.h">
      <Filter>core</Filter>
    </ClInclude>
    <ClInclude Include="..\sources\unit_testing\correctness_test_context.h">
      <Filter>unit_testing</Filter>
    </ClInclude>
    <ClInclude Include="..\sources\reflection\base_type.h">
      <Filter>reflection</Filter>
    </ClInclude>
    <ClInclude Include="..\sources\core\string_view.h">
      <Filter>core</Filter>
    </ClInclude>
    <ClInclude Include="..\sources\core\bulk_list.h">
      <Filter>core</Filter>
    </ClInclude>
    <ClInclude Include="..\sources\core\in_string_buffer.h">
      <Filter>core</Filter>
    </ClInclude>
    <ClInclude Include="..\sources\core\stream_adapters.h">
      <Filter>core</Filter>
    </ClInclude>
  </ItemGroup>
  <ItemGroup>
    <ClCompile Include="..\sources\reflective.cpp" />
    <ClCompile Include="..\sources\core\out_string_buffer.cpp">
      <Filter>core</Filter>
    </ClCompile>
    <ClCompile Include="..\sources\reflection\qualified_type_ptr.cpp">
      <Filter>reflection</Filter>
    </ClCompile>
    <ClCompile Include="..\sources\reflection\special_functions.cpp">
      <Filter>reflection</Filter>
    </ClCompile>
    <ClCompile Include="..\sources\reflection\type.cpp">
      <Filter>reflection</Filter>
    </ClCompile>
    <ClCompile Include="..\sources\reflection\namespace.cpp">
      <Filter>reflection</Filter>
    </ClCompile>
    <ClCompile Include="..\sources\reflection\obj_ptr.cpp">
      <Filter>reflection</Filter>
    </ClCompile>
    <ClCompile Include="..\sources\reflection\primitive_types.cpp">
      <Filter>reflection</Filter>
    </ClCompile>
    <ClCompile Include="..\sources\reflection\global_registry.cpp">
      <Filter>reflection</Filter>
    </ClCompile>
    <ClCompile Include="..\sources\reflection\namespace_member.cpp">
      <Filter>reflection</Filter>
    </ClCompile>
    <ClCompile Include="..\sources\reflection\class.cpp">
      <Filter>reflection</Filter>
    </ClCompile>
    <ClCompile Include="..\sources\reflection\class_member.cpp">
      <Filter>reflection</Filter>
    </ClCompile>
    <ClCompile Include="..\sources\reflection\property\property.cpp">
      <Filter>reflection\property</Filter>
    </ClCompile>
    <ClCompile Include="..\sources\unit_testing\unit_testing.cpp">
      <Filter>unit_testing</Filter>
    </ClCompile>
    <ClCompile Include="..\sources\unit_testing\uint_test_manager.cpp">
      <Filter>unit_testing</Filter>
    </ClCompile>
    <ClCompile Include="..\sources\reflection\type_derived_list_test.cpp">
      <Filter>reflection</Filter>
    </ClCompile>
    <ClCompile Include="..\sources\reflection\type_inheritance_test.cpp">
      <Filter>reflection</Filter>
    </ClCompile>
    <ClCompile Include="..\sources\core\string_view.cpp">
      <Filter>core</Filter>
    </ClCompile>
    <ClCompile Include="..\sources\reflection\symbol.cpp">
      <Filter>reflection</Filter>
    </ClCompile>
    <ClCompile Include="..\sources\reflection\string_functions.cpp">
      <Filter>reflection</Filter>
    </ClCompile>
    <ClCompile Include="..\sources\core\in_string_buffer.cpp">
      <Filter>core</Filter>
    </ClCompile>
  </ItemGroup>
  <ItemGroup>
    <None Include="..\sources\reflection\qualified_type_ptr.inl">
      <Filter>reflection</Filter>
    </None>
    <None Include="..\sources\reflection\special_functions.inl">
      <Filter>reflection</Filter>
    </None>
    <None Include="..\sources\reflection\type.inl">
      <Filter>reflection</Filter>
    </None>
    <None Include="..\sources\reflection\enum.inl">
      <Filter>reflection</Filter>
    </None>
    <None Include="..\sources\reflection\get_naked_type.inl">
      <Filter>reflection</Filter>
    </None>
    <None Include="..\sources\reflection\namespace.inl">
      <Filter>reflection</Filter>
    </None>
    <None Include="..\sources\core\string_view.inl">
      <Filter>core</Filter>
    </None>
  </ItemGroup>
</Project>