<?xml version="1.0" encoding="utf-8"?>
<Project ToolsVersion="4.0" xmlns="http://schemas.microsoft.com/developer/msbuild/2003">
  <ItemGroup>
    <Filter Include="reflection">
      <UniqueIdentifier>{fbb2c830-fbe2-4ae6-9504-2a8fa165c772}</UniqueIdentifier>
    </Filter>
    <Filter Include="unit_testing">
      <UniqueIdentifier>{4d0f4d0c-212d-4cb7-aa11-7a286d93f211}</UniqueIdentifier>
    </Filter>
    <Filter Include="reflection\property">
      <UniqueIdentifier>{5aee0120-f38c-441c-8026-8735713eb228}</UniqueIdentifier>
    </Filter>
    <Filter Include="reflection\impl">
      <UniqueIdentifier>{34e6ebe8-cbd4-4b53-9b2f-e57d81de1bd4}</UniqueIdentifier>
    </Filter>
    <Filter Include="reflection\testing">
      <UniqueIdentifier>{20c07bcf-570d-429e-b287-ca1e1d17903e}</UniqueIdentifier>
    </Filter>
    <Filter Include="density">
      <UniqueIdentifier>{db18c095-47d7-490e-aaae-e3a22225a7aa}</UniqueIdentifier>
    </Filter>
    <Filter Include="unit_testing\impl">
      <UniqueIdentifier>{d44fc31c-54d0-4453-a7e9-32f9f3598b49}</UniqueIdentifier>
    </Filter>
    <Filter Include="tests">
      <UniqueIdentifier>{77089583-b318-4b78-93b8-f260ae5d8574}</UniqueIdentifier>
    </Filter>
  </ItemGroup>
  <ItemGroup>
    <ClInclude Include="..\reflective\reflective_settings.h" />
    <ClInclude Include="..\reflective\reflective.h" />
    <ClInclude Include="..\reflective\reflection\qualified_type_ptr.h">
      <Filter>reflection</Filter>
    </ClInclude>
    <ClInclude Include="..\reflective\reflection\special_functions.h">
      <Filter>reflection</Filter>
    </ClInclude>
    <ClInclude Include="..\reflective\reflection\string_functions.h">
      <Filter>reflection</Filter>
    </ClInclude>
    <ClInclude Include="..\reflective\reflection\type.h">
      <Filter>reflection</Filter>
    </ClInclude>
    <ClInclude Include="..\reflective\reflection\enum.h">
      <Filter>reflection</Filter>
    </ClInclude>
    <ClInclude Include="..\reflective\reflection\enum_member.h">
      <Filter>reflection</Filter>
    </ClInclude>
    <ClInclude Include="..\reflective\reflection\get_naked_type.h">
      <Filter>reflection</Filter>
    </ClInclude>
    <ClInclude Include="..\reflective\reflection\namespace.h">
      <Filter>reflection</Filter>
    </ClInclude>
    <ClInclude Include="..\reflective\reflection\obj_ptr.h">
      <Filter>reflection</Filter>
    </ClInclude>
    <ClInclude Include="..\reflective\reflection\primitive_types.h">
      <Filter>reflection</Filter>
    </ClInclude>
    <ClInclude Include="..\reflective\reflection\class_template.h">
      <Filter>reflection</Filter>
    </ClInclude>
    <ClInclude Include="..\reflective\reflection\parameter.h">
      <Filter>reflection</Filter>
    </ClInclude>
    <ClInclude Include="..\reflective\reflection\global_registry.h">
      <Filter>reflection</Filter>
    </ClInclude>
    <ClInclude Include="..\reflective\reflection\namespace_member.h">
      <Filter>reflection</Filter>
    </ClInclude>
    <ClInclude Include="..\reflective\reflection\symbol.h">
      <Filter>reflection</Filter>
    </ClInclude>
    <ClInclude Include="..\reflective\reflection\class.h">
      <Filter>reflection</Filter>
    </ClInclude>
    <ClInclude Include="..\reflective\reflection\class_member.h">
      <Filter>reflection</Filter>
    </ClInclude>
    <ClInclude Include="..\reflective\reflection\property\property.h">
      <Filter>reflection\property</Filter>
    </ClInclude>
    <ClInclude Include="..\reflective\reflection\property\data_member_property.h">
      <Filter>reflection\property</Filter>
    </ClInclude>
    <ClInclude Include="..\reflective\reflection\base_type.h">
      <Filter>reflection</Filter>
    </ClInclude>
    <ClInclude Include="..\reflective\reflection\get_naked_type_traits.h">
      <Filter>reflection</Filter>
    </ClInclude>
    <ClInclude Include="..\reflective\density\array_view.h">
      <Filter>density</Filter>
    </ClInclude>
    <ClInclude Include="..\reflective\density\dense_list.h">
      <Filter>density</Filter>
    </ClInclude>
    <ClInclude Include="..\reflective\density\density_common.h">
      <Filter>density</Filter>
    </ClInclude>
    <ClInclude Include="..\reflective\density\identifier.h">
      <Filter>density</Filter>
    </ClInclude>
    <ClInclude Include="..\reflective\density\in_buffer_text_stream.h">
      <Filter>density</Filter>
    </ClInclude>
    <ClInclude Include="..\reflective\density\out_buffer_text_stream.h">
      <Filter>density</Filter>
    </ClInclude>
    <ClInclude Include="..\reflective\density\ptr_string.h">
      <Filter>density</Filter>
    </ClInclude>
    <ClInclude Include="..\reflective\density\stream_adapters.h">
      <Filter>density</Filter>
    </ClInclude>
    <ClInclude Include="..\reflective\density\string_hash.h">
      <Filter>density</Filter>
    </ClInclude>
    <ClInclude Include="..\reflective\density\string_view.h">
      <Filter>density</Filter>
    </ClInclude>
    <ClInclude Include="..\reflective\unit_testing\correctness_test_context.h">
      <Filter>unit_testing</Filter>
    </ClInclude>
    <ClInclude Include="..\reflective\unit_testing\testing_utils.h">
      <Filter>unit_testing</Filter>
    </ClInclude>
    <ClInclude Include="..\reflective\unit_testing\uint_test_manager.h">
      <Filter>unit_testing</Filter>
    </ClInclude>
    <ClInclude Include="..\reflective\density\dense_fixed_queue.h">
      <Filter>density</Filter>
    </ClInclude>
    <ClInclude Include="..\reflective\density\dense_type_wrapper.h">
      <Filter>density</Filter>
    </ClInclude>
  </ItemGroup>
  <ItemGroup>
    <ClCompile Include="..\reflective\reflective.cpp" />
    <ClCompile Include="..\reflective\reflection\property\property.cpp">
      <Filter>reflection\property</Filter>
    </ClCompile>
    <ClCompile Include="..\reflective\reflection\testing\type_derived_list_test.cpp">
      <Filter>reflection\testing</Filter>
    </ClCompile>
    <ClCompile Include="..\reflective\reflection\testing\type_inheritance_test.cpp">
      <Filter>reflection\testing</Filter>
    </ClCompile>
    <ClCompile Include="..\reflective\reflection\impl\class_member.cpp">
      <Filter>reflection\impl</Filter>
    </ClCompile>
    <ClCompile Include="..\reflective\reflection\impl\global_registry.cpp">
      <Filter>reflection\impl</Filter>
    </ClCompile>
    <ClCompile Include="..\reflective\reflection\impl\namespace.cpp">
      <Filter>reflection\impl</Filter>
    </ClCompile>
    <ClCompile Include="..\reflective\reflection\impl\namespace_member.cpp">
      <Filter>reflection\impl</Filter>
    </ClCompile>
    <ClCompile Include="..\reflective\reflection\impl\obj_ptr.cpp">
      <Filter>reflection\impl</Filter>
    </ClCompile>
    <ClCompile Include="..\reflective\reflection\impl\primitive_types.cpp">
      <Filter>reflection\impl</Filter>
    </ClCompile>
    <ClCompile Include="..\reflective\reflection\impl\qualified_type_ptr.cpp">
      <Filter>reflection\impl</Filter>
    </ClCompile>
    <ClCompile Include="..\reflective\reflection\impl\special_functions.cpp">
      <Filter>reflection\impl</Filter>
    </ClCompile>
    <ClCompile Include="..\reflective\reflection\impl\string_functions.cpp">
      <Filter>reflection\impl</Filter>
    </ClCompile>
    <ClCompile Include="..\reflective\reflection\impl\symbol.cpp">
      <Filter>reflection\impl</Filter>
    </ClCompile>
    <ClCompile Include="..\reflective\reflection\impl\type.cpp">
      <Filter>reflection\impl</Filter>
    </ClCompile>
    <ClCompile Include="..\reflective\reflection\impl\class.cpp">
      <Filter>reflection\impl</Filter>
    </ClCompile>
    <ClCompile Include="..\reflective\reflection\testing\qualified_type_ptr_test.cpp">
      <Filter>reflection\testing</Filter>
    </ClCompile>
    <ClCompile Include="..\reflective\unit_testing\impl\testing_utils.cpp">
      <Filter>unit_testing\impl</Filter>
    </ClCompile>
    <ClCompile Include="..\reflective\unit_testing\impl\unit_test_manager.cpp">
      <Filter>unit_testing\impl</Filter>
    </ClCompile>
    <ClCompile Include="..\reflective\tests\dense_list_benchmark.cpp">
      <Filter>tests</Filter>
    </ClCompile>
    <ClCompile Include="..\reflective\tests\dense_list_test.cpp">
      <Filter>tests</Filter>
    </ClCompile>
    <ClCompile Include="..\reflective\tests\string_view_test.cpp">
      <Filter>tests</Filter>
    </ClCompile>
  </ItemGroup>
  <ItemGroup>
    <None Include="..\reflective\reflection\qualified_type_ptr.inl">
      <Filter>reflection</Filter>
    </None>
    <None Include="..\reflective\reflection\special_functions.inl">
      <Filter>reflection</Filter>
    </None>
    <None Include="..\reflective\reflection\type.inl">
      <Filter>reflection</Filter>
    </None>
    <None Include="..\reflective\reflection\enum.inl">
      <Filter>reflection</Filter>
    </None>
    <None Include="..\reflective\reflection\get_naked_type.inl">
      <Filter>reflection</Filter>
    </None>
    <None Include="..\reflective\reflection\namespace.inl">
      <Filter>reflection</Filter>
    </None>
  </ItemGroup>
</Project>