<?xml version="1.0" encoding="utf-8"?>
<Project ToolsVersion="4.0" xmlns="http://schemas.microsoft.com/developer/msbuild/2003">
  <ItemGroup>
    <Filter Include="class">
      <UniqueIdentifier>{8a7f1ee3-36fc-4f1c-abd6-33f6c8b95f11}</UniqueIdentifier>
    </Filter>
    <Filter Include="class\property">
      <UniqueIdentifier>{22b0283f-ce43-4767-b216-38d8540bd127}</UniqueIdentifier>
    </Filter>
    <Filter Include="core">
      <UniqueIdentifier>{db18c095-47d7-490e-aaae-e3a22225a7aa}</UniqueIdentifier>
    </Filter>
    <Filter Include="reflection">
      <UniqueIdentifier>{fbb2c830-fbe2-4ae6-9504-2a8fa165c772}</UniqueIdentifier>
    </Filter>
  </ItemGroup>
  <ItemGroup>
    <ClInclude Include="..\sources\reflective_common.h" />
    <ClInclude Include="..\sources\reflective_settings.h" />
    <ClInclude Include="..\sources\class\property\Property.h">
      <Filter>class\property</Filter>
    </ClInclude>
    <ClInclude Include="..\sources\class\Class.h">
      <Filter>class</Filter>
    </ClInclude>
    <ClInclude Include="..\sources\class\ClassMember.h">
      <Filter>class</Filter>
    </ClInclude>
    <ClInclude Include="..\sources\class\property\DataMemberProperty.h">
      <Filter>class\property</Filter>
    </ClInclude>
    <ClInclude Include="..\sources\reflective.h" />
    <ClInclude Include="..\sources\core\traits.h">
      <Filter>core</Filter>
    </ClInclude>
    <ClInclude Include="..\sources\core\identifier.h">
      <Filter>core</Filter>
    </ClInclude>
    <ClInclude Include="..\sources\core\in_string_buffer.h">
      <Filter>core</Filter>
    </ClInclude>
    <ClInclude Include="..\sources\core\out_string_buffer.h">
      <Filter>core</Filter>
    </ClInclude>
    <ClInclude Include="..\sources\core\symbol_list.h">
      <Filter>core</Filter>
    </ClInclude>
    <ClInclude Include="..\sources\core\ptr_string.h">
      <Filter>core</Filter>
    </ClInclude>
    <ClInclude Include="..\sources\core\string_hash.h">
      <Filter>core</Filter>
    </ClInclude>
    <ClInclude Include="..\sources\core\symbol.h">
      <Filter>core</Filter>
    </ClInclude>
    <ClInclude Include="..\sources\core\bulk_list.h">
      <Filter>core</Filter>
    </ClInclude>
    <ClInclude Include="..\sources\reflection\qualified_type_ptr.h">
      <Filter>reflection</Filter>
    </ClInclude>
    <ClInclude Include="..\sources\reflection\special_functions.h">
      <Filter>reflection</Filter>
    </ClInclude>
    <ClInclude Include="..\sources\reflection\string_functions.h">
      <Filter>reflection</Filter>
    </ClInclude>
    <ClInclude Include="..\sources\reflection\type.h">
      <Filter>reflection</Filter>
    </ClInclude>
    <ClInclude Include="..\sources\reflection\updown_caster.h">
      <Filter>reflection</Filter>
    </ClInclude>
    <ClInclude Include="..\sources\reflection\enum.h">
      <Filter>reflection</Filter>
    </ClInclude>
    <ClInclude Include="..\sources\reflection\enum_member.h">
      <Filter>reflection</Filter>
    </ClInclude>
    <ClInclude Include="..\sources\reflection\get_naked_type.h">
      <Filter>reflection</Filter>
    </ClInclude>
    <ClInclude Include="..\sources\reflection\namespace.h">
      <Filter>reflection</Filter>
    </ClInclude>
    <ClInclude Include="..\sources\reflection\obj_ptr.h">
      <Filter>reflection</Filter>
    </ClInclude>
    <ClInclude Include="..\sources\reflection\primitive_types.h">
      <Filter>reflection</Filter>
    </ClInclude>
    <ClInclude Include="..\sources\reflection\class_template.h">
      <Filter>reflection</Filter>
    </ClInclude>
    <ClInclude Include="..\sources\reflection\parameter.h">
      <Filter>reflection</Filter>
    </ClInclude>
    <ClInclude Include="..\sources\reflection\global_registry.h">
      <Filter>reflection</Filter>
    </ClInclude>
    <ClInclude Include="..\sources\reflection\namespace_member.h">
      <Filter>reflection</Filter>
    </ClInclude>
  </ItemGroup>
  <ItemGroup>
    <ClCompile Include="..\sources\class\property\Property.cpp">
      <Filter>class\property</Filter>
    </ClCompile>
    <ClCompile Include="..\sources\class\Class.cpp">
      <Filter>class</Filter>
    </ClCompile>
    <ClCompile Include="..\sources\class\ClassMember.cpp">
      <Filter>class</Filter>
    </ClCompile>
    <ClCompile Include="..\sources\reflective.cpp" />
    <ClCompile Include="..\sources\core\in_string_buffer.cpp">
      <Filter>core</Filter>
    </ClCompile>
    <ClCompile Include="..\sources\core\out_string_buffer.cpp">
      <Filter>core</Filter>
    </ClCompile>
    <ClCompile Include="..\sources\reflection\qualified_type_ptr.cpp">
      <Filter>reflection</Filter>
    </ClCompile>
    <ClCompile Include="..\sources\reflection\special_functions.cpp">
      <Filter>reflection</Filter>
    </ClCompile>
    <ClCompile Include="..\sources\reflection\type.cpp">
      <Filter>reflection</Filter>
    </ClCompile>
    <ClCompile Include="..\sources\reflection\namespace.cpp">
      <Filter>reflection</Filter>
    </ClCompile>
    <ClCompile Include="..\sources\reflection\obj_ptr.cpp">
      <Filter>reflection</Filter>
    </ClCompile>
    <ClCompile Include="..\sources\reflection\primitive_types.cpp">
      <Filter>reflection</Filter>
    </ClCompile>
    <ClCompile Include="..\sources\reflection\global_registry.cpp">
      <Filter>reflection</Filter>
    </ClCompile>
    <ClCompile Include="..\sources\reflection\namespace_member.cpp">
      <Filter>reflection</Filter>
    </ClCompile>
  </ItemGroup>
  <ItemGroup>
    <None Include="..\sources\reflection\qualified_type_ptr.inl">
      <Filter>reflection</Filter>
    </None>
    <None Include="..\sources\reflection\special_functions.inl">
      <Filter>reflection</Filter>
    </None>
    <None Include="..\sources\reflection\type.inl">
      <Filter>reflection</Filter>
    </None>
    <None Include="..\sources\reflection\enum.inl">
      <Filter>reflection</Filter>
    </None>
    <None Include="..\sources\reflection\get_naked_type.inl">
      <Filter>reflection</Filter>
    </None>
  </ItemGroup>
</Project>