<?xml version="1.0" encoding="utf-8"?>
<Project ToolsVersion="4.0" xmlns="http://schemas.microsoft.com/developer/msbuild/2003">
  <ItemGroup>
    <Filter Include="core">
      <UniqueIdentifier>{db18c095-47d7-490e-aaae-e3a22225a7aa}</UniqueIdentifier>
    </Filter>
    <Filter Include="reflection">
      <UniqueIdentifier>{fbb2c830-fbe2-4ae6-9504-2a8fa165c772}</UniqueIdentifier>
    </Filter>
    <Filter Include="unit_testing">
      <UniqueIdentifier>{4d0f4d0c-212d-4cb7-aa11-7a286d93f211}</UniqueIdentifier>
    </Filter>
    <Filter Include="reflection\property">
      <UniqueIdentifier>{5aee0120-f38c-441c-8026-8735713eb228}</UniqueIdentifier>
    </Filter>
    <Filter Include="core\impl">
      <UniqueIdentifier>{b4e98494-a3b8-457e-83fb-f8f77487894c}</UniqueIdentifier>
    </Filter>
    <Filter Include="core\testing">
      <UniqueIdentifier>{c88c0a38-0d76-4fa1-bd2d-58c197414257}</UniqueIdentifier>
    </Filter>
  </ItemGroup>
  <ItemGroup>
    <ClInclude Include="..\reflective\reflective_common.h" />
    <ClInclude Include="..\reflective\reflective_settings.h" />
    <ClInclude Include="..\reflective\reflective.h" />
    <ClInclude Include="..\reflective\core\traits.h">
      <Filter>core</Filter>
    </ClInclude>
    <ClInclude Include="..\reflective\core\identifier.h">
      <Filter>core</Filter>
    </ClInclude>
    <ClInclude Include="..\reflective\core\ptr_string.h">
      <Filter>core</Filter>
    </ClInclude>
    <ClInclude Include="..\reflective\core\string_hash.h">
      <Filter>core</Filter>
    </ClInclude>
    <ClInclude Include="..\reflective\reflection\qualified_type_ptr.h">
      <Filter>reflection</Filter>
    </ClInclude>
    <ClInclude Include="..\reflective\reflection\special_functions.h">
      <Filter>reflection</Filter>
    </ClInclude>
    <ClInclude Include="..\reflective\reflection\string_functions.h">
      <Filter>reflection</Filter>
    </ClInclude>
    <ClInclude Include="..\reflective\reflection\type.h">
      <Filter>reflection</Filter>
    </ClInclude>
    <ClInclude Include="..\reflective\reflection\enum.h">
      <Filter>reflection</Filter>
    </ClInclude>
    <ClInclude Include="..\reflective\reflection\enum_member.h">
      <Filter>reflection</Filter>
    </ClInclude>
    <ClInclude Include="..\reflective\reflection\get_naked_type.h">
      <Filter>reflection</Filter>
    </ClInclude>
    <ClInclude Include="..\reflective\reflection\namespace.h">
      <Filter>reflection</Filter>
    </ClInclude>
    <ClInclude Include="..\reflective\reflection\obj_ptr.h">
      <Filter>reflection</Filter>
    </ClInclude>
    <ClInclude Include="..\reflective\reflection\primitive_types.h">
      <Filter>reflection</Filter>
    </ClInclude>
    <ClInclude Include="..\reflective\reflection\class_template.h">
      <Filter>reflection</Filter>
    </ClInclude>
    <ClInclude Include="..\reflective\reflection\parameter.h">
      <Filter>reflection</Filter>
    </ClInclude>
    <ClInclude Include="..\reflective\reflection\global_registry.h">
      <Filter>reflection</Filter>
    </ClInclude>
    <ClInclude Include="..\reflective\reflection\namespace_member.h">
      <Filter>reflection</Filter>
    </ClInclude>
    <ClInclude Include="..\reflective\core\list.h">
      <Filter>core</Filter>
    </ClInclude>
    <ClInclude Include="..\reflective\reflection\symbol.h">
      <Filter>reflection</Filter>
    </ClInclude>
    <ClInclude Include="..\reflective\reflection\class.h">
      <Filter>reflection</Filter>
    </ClInclude>
    <ClInclude Include="..\reflective\reflection\class_member.h">
      <Filter>reflection</Filter>
    </ClInclude>
    <ClInclude Include="..\reflective\reflection\property\property.h">
      <Filter>reflection\property</Filter>
    </ClInclude>
    <ClInclude Include="..\reflective\reflection\property\data_member_property.h">
      <Filter>reflection\property</Filter>
    </ClInclude>
    <ClInclude Include="..\reflective\unit_testing\uint_test_manager.h">
      <Filter>unit_testing</Filter>
    </ClInclude>
    <ClInclude Include="..\reflective\unit_testing\unit_testing.h">
      <Filter>unit_testing</Filter>
    </ClInclude>
    <ClInclude Include="..\reflective\unit_testing\correctness_test_context.h">
      <Filter>unit_testing</Filter>
    </ClInclude>
    <ClInclude Include="..\reflective\reflection\base_type.h">
      <Filter>reflection</Filter>
    </ClInclude>
    <ClInclude Include="..\reflective\core\string_view.h">
      <Filter>core</Filter>
    </ClInclude>
    <ClInclude Include="..\reflective\core\stream_adapters.h">
      <Filter>core</Filter>
    </ClInclude>
    <ClInclude Include="..\reflective\core\in_buffer_text_stream.h">
      <Filter>core</Filter>
    </ClInclude>
    <ClInclude Include="..\reflective\core.h" />
    <ClInclude Include="..\reflective\core\array_view.h">
      <Filter>core</Filter>
    </ClInclude>
    <ClInclude Include="..\reflective\core\dense_list.h">
      <Filter>core</Filter>
    </ClInclude>
  </ItemGroup>
  <ItemGroup>
    <ClCompile Include="..\reflective\reflective.cpp" />
    <ClCompile Include="..\reflective\reflection\qualified_type_ptr.cpp">
      <Filter>reflection</Filter>
    </ClCompile>
    <ClCompile Include="..\reflective\reflection\special_functions.cpp">
      <Filter>reflection</Filter>
    </ClCompile>
    <ClCompile Include="..\reflective\reflection\type.cpp">
      <Filter>reflection</Filter>
    </ClCompile>
    <ClCompile Include="..\reflective\reflection\namespace.cpp">
      <Filter>reflection</Filter>
    </ClCompile>
    <ClCompile Include="..\reflective\reflection\obj_ptr.cpp">
      <Filter>reflection</Filter>
    </ClCompile>
    <ClCompile Include="..\reflective\reflection\primitive_types.cpp">
      <Filter>reflection</Filter>
    </ClCompile>
    <ClCompile Include="..\reflective\reflection\global_registry.cpp">
      <Filter>reflection</Filter>
    </ClCompile>
    <ClCompile Include="..\reflective\reflection\namespace_member.cpp">
      <Filter>reflection</Filter>
    </ClCompile>
    <ClCompile Include="..\reflective\reflection\class.cpp">
      <Filter>reflection</Filter>
    </ClCompile>
    <ClCompile Include="..\reflective\reflection\class_member.cpp">
      <Filter>reflection</Filter>
    </ClCompile>
    <ClCompile Include="..\reflective\reflection\property\property.cpp">
      <Filter>reflection\property</Filter>
    </ClCompile>
    <ClCompile Include="..\reflective\unit_testing\unit_testing.cpp">
      <Filter>unit_testing</Filter>
    </ClCompile>
    <ClCompile Include="..\reflective\unit_testing\uint_test_manager.cpp">
      <Filter>unit_testing</Filter>
    </ClCompile>
    <ClCompile Include="..\reflective\reflection\type_derived_list_test.cpp">
      <Filter>reflection</Filter>
    </ClCompile>
    <ClCompile Include="..\reflective\reflection\type_inheritance_test.cpp">
      <Filter>reflection</Filter>
    </ClCompile>
    <ClCompile Include="..\reflective\reflection\symbol.cpp">
      <Filter>reflection</Filter>
    </ClCompile>
    <ClCompile Include="..\reflective\reflection\string_functions.cpp">
      <Filter>reflection</Filter>
    </ClCompile>
    <ClCompile Include="..\reflective\core.cpp" />
    <ClCompile Include="..\reflective\core\testing\in_buffer_text_stream.cpp">
      <Filter>core\testing</Filter>
    </ClCompile>
    <ClCompile Include="..\reflective\core\testing\out_buffer_text_stream.cpp">
      <Filter>core\testing</Filter>
    </ClCompile>
    <ClCompile Include="..\reflective\core\testing\dense_list_test.cpp">
      <Filter>core\testing</Filter>
    </ClCompile>
  </ItemGroup>
  <ItemGroup>
    <None Include="..\reflective\reflection\qualified_type_ptr.inl">
      <Filter>reflection</Filter>
    </None>
    <None Include="..\reflective\reflection\special_functions.inl">
      <Filter>reflection</Filter>
    </None>
    <None Include="..\reflective\reflection\type.inl">
      <Filter>reflection</Filter>
    </None>
    <None Include="..\reflective\reflection\enum.inl">
      <Filter>reflection</Filter>
    </None>
    <None Include="..\reflective\reflection\get_naked_type.inl">
      <Filter>reflection</Filter>
    </None>
    <None Include="..\reflective\reflection\namespace.inl">
      <Filter>reflection</Filter>
    </None>
    <None Include="..\reflective\core\impl\string_view.inl">
      <Filter>core\impl</Filter>
    </None>
  </ItemGroup>
</Project>