
Microsoft Visual Studio Solution File, Format Version 11.00
# Visual Studio 2010
Project("{8BC9CEB8-8B4A-11D0-8D11-00A0C91BC942}") = "reflective", "reflective.vcxproj", "{2D7386B5-604C-4AAB-96F2-CAA9FAF7050A}"
EndProject
Project("{8BC9CEB8-8B4A-11D0-8D11-00A0C91BC942}") = "samples", "..\samples\vs10\samples.vcxproj", "{211FA545-E93A-4C90-87F6-1326D50E04C1}"
EndProject
Global
	GlobalSection(SolutionConfigurationPlatforms) = preSolution
		Debug|Any CPU = Debug|Any CPU
		Debug|Mixed Platforms = Debug|Mixed Platforms
		Debug|Win32 = Debug|Win32
		DebugTest|Any CPU = DebugTest|Any CPU
		DebugTest|Mixed Platforms = DebugTest|Mixed Platforms
		DebugTest|Win32 = DebugTest|Win32
		PrepOutput|Any CPU = PrepOutput|Any CPU
		PrepOutput|Mixed Platforms = PrepOutput|Mixed Platforms
		PrepOutput|Win32 = PrepOutput|Win32
		Release|Any CPU = Release|Any CPU
		Release|Mixed Platforms = Release|Mixed Platforms
		Release|Win32 = Release|Win32
		ReleaseTest|Any CPU = ReleaseTest|Any CPU
		ReleaseTest|Mixed Platforms = ReleaseTest|Mixed Platforms
		ReleaseTest|Win32 = ReleaseTest|Win32
		ReleaseTestNoOpt|Any CPU = ReleaseTestNoOpt|Any CPU
		ReleaseTestNoOpt|Mixed Platforms = ReleaseTestNoOpt|Mixed Platforms
		ReleaseTestNoOpt|Win32 = ReleaseTestNoOpt|Win32
		SuperDebug|Any CPU = SuperDebug|Any CPU
		SuperDebug|Mixed Platforms = SuperDebug|Mixed Platforms
		SuperDebug|Win32 = SuperDebug|Win32
	EndGlobalSection
	GlobalSection(ProjectConfigurationPlatforms) = postSolution
		{2D7386B5-604C-4AAB-96F2-CAA9FAF7050A}.Debug|Any CPU.ActiveCfg = Debug|Win32
		{2D7386B5-604C-4AAB-96F2-CAA9FAF7050A}.Debug|Mixed Platforms.ActiveCfg = Debug|Win32
		{2D7386B5-604C-4AAB-96F2-CAA9FAF7050A}.Debug|Mixed Platforms.Build.0 = Debug|Win32
		{2D7386B5-604C-4AAB-96F2-CAA9FAF7050A}.Debug|Win32.ActiveCfg = Debug|Win32
		{2D7386B5-604C-4AAB-96F2-CAA9FAF7050A}.Debug|Win32.Build.0 = Debug|Win32
		{2D7386B5-604C-4AAB-96F2-CAA9FAF7050A}.DebugTest|Any CPU.ActiveCfg = DebugTest|Win32
		{2D7386B5-604C-4AAB-96F2-CAA9FAF7050A}.DebugTest|Mixed Platforms.ActiveCfg = DebugTest|Win32
		{2D7386B5-604C-4AAB-96F2-CAA9FAF7050A}.DebugTest|Mixed Platforms.Build.0 = DebugTest|Win32
		{2D7386B5-604C-4AAB-96F2-CAA9FAF7050A}.DebugTest|Win32.ActiveCfg = DebugTest|Win32
		{2D7386B5-604C-4AAB-96F2-CAA9FAF7050A}.DebugTest|Win32.Build.0 = DebugTest|Win32
		{2D7386B5-604C-4AAB-96F2-CAA9FAF7050A}.PrepOutput|Any CPU.ActiveCfg = SuperDebug|Win32
		{2D7386B5-604C-4AAB-96F2-CAA9FAF7050A}.PrepOutput|Mixed Platforms.ActiveCfg = SuperDebug|Win32
		{2D7386B5-604C-4AAB-96F2-CAA9FAF7050A}.PrepOutput|Mixed Platforms.Build.0 = SuperDebug|Win32
		{2D7386B5-604C-4AAB-96F2-CAA9FAF7050A}.PrepOutput|Win32.ActiveCfg = SuperDebug|Win32
		{2D7386B5-604C-4AAB-96F2-CAA9FAF7050A}.PrepOutput|Win32.Build.0 = SuperDebug|Win32
		{2D7386B5-604C-4AAB-96F2-CAA9FAF7050A}.Release|Any CPU.ActiveCfg = Release|Win32
		{2D7386B5-604C-4AAB-96F2-CAA9FAF7050A}.Release|Mixed Platforms.ActiveCfg = Release|Win32
		{2D7386B5-604C-4AAB-96F2-CAA9FAF7050A}.Release|Mixed Platforms.Build.0 = Release|Win32
		{2D7386B5-604C-4AAB-96F2-CAA9FAF7050A}.Release|Win32.ActiveCfg = Release|Win32
		{2D7386B5-604C-4AAB-96F2-CAA9FAF7050A}.Release|Win32.Build.0 = Release|Win32
		{2D7386B5-604C-4AAB-96F2-CAA9FAF7050A}.ReleaseTest|Any CPU.ActiveCfg = ReleaseTest|Win32
		{2D7386B5-604C-4AAB-96F2-CAA9FAF7050A}.ReleaseTest|Mixed Platforms.ActiveCfg = ReleaseTest|Win32
		{2D7386B5-604C-4AAB-96F2-CAA9FAF7050A}.ReleaseTest|Mixed Platforms.Build.0 = ReleaseTest|Win32
		{2D7386B5-604C-4AAB-96F2-CAA9FAF7050A}.ReleaseTest|Win32.ActiveCfg = ReleaseTest|Win32
		{2D7386B5-604C-4AAB-96F2-CAA9FAF7050A}.ReleaseTest|Win32.Build.0 = ReleaseTest|Win32
		{2D7386B5-604C-4AAB-96F2-CAA9FAF7050A}.ReleaseTestNoOpt|Any CPU.ActiveCfg = ReleaseTest|Win32
		{2D7386B5-604C-4AAB-96F2-CAA9FAF7050A}.ReleaseTestNoOpt|Mixed Platforms.ActiveCfg = ReleaseTest|Win32
		{2D7386B5-604C-4AAB-96F2-CAA9FAF7050A}.ReleaseTestNoOpt|Mixed Platforms.Build.0 = ReleaseTest|Win32
		{2D7386B5-604C-4AAB-96F2-CAA9FAF7050A}.ReleaseTestNoOpt|Win32.ActiveCfg = ReleaseTest|Win32
		{2D7386B5-604C-4AAB-96F2-CAA9FAF7050A}.ReleaseTestNoOpt|Win32.Build.0 = ReleaseTest|Win32
		{2D7386B5-604C-4AAB-96F2-CAA9FAF7050A}.SuperDebug|Any CPU.ActiveCfg = SuperDebug|Win32
		{2D7386B5-604C-4AAB-96F2-CAA9FAF7050A}.SuperDebug|Mixed Platforms.ActiveCfg = SuperDebug|Win32
		{2D7386B5-604C-4AAB-96F2-CAA9FAF7050A}.SuperDebug|Mixed Platforms.Build.0 = SuperDebug|Win32
		{2D7386B5-604C-4AAB-96F2-CAA9FAF7050A}.SuperDebug|Win32.ActiveCfg = SuperDebug|Win32
		{2D7386B5-604C-4AAB-96F2-CAA9FAF7050A}.SuperDebug|Win32.Build.0 = SuperDebug|Win32
		{211FA545-E93A-4C90-87F6-1326D50E04C1}.Debug|Any CPU.ActiveCfg = Debug|Win32
		{211FA545-E93A-4C90-87F6-1326D50E04C1}.Debug|Mixed Platforms.ActiveCfg = Debug|Win32
		{211FA545-E93A-4C90-87F6-1326D50E04C1}.Debug|Mixed Platforms.Build.0 = Debug|Win32
		{211FA545-E93A-4C90-87F6-1326D50E04C1}.Debug|Win32.ActiveCfg = Debug|Win32
		{211FA545-E93A-4C90-87F6-1326D50E04C1}.Debug|Win32.Build.0 = Debug|Win32
		{211FA545-E93A-4C90-87F6-1326D50E04C1}.DebugTest|Any CPU.ActiveCfg = Debug|Win32
		{211FA545-E93A-4C90-87F6-1326D50E04C1}.DebugTest|Mixed Platforms.ActiveCfg = Debug|Win32
		{211FA545-E93A-4C90-87F6-1326D50E04C1}.DebugTest|Mixed Platforms.Build.0 = Debug|Win32
		{211FA545-E93A-4C90-87F6-1326D50E04C1}.DebugTest|Win32.ActiveCfg = Debug|Win32
		{211FA545-E93A-4C90-87F6-1326D50E04C1}.DebugTest|Win32.Build.0 = Debug|Win32
		{211FA545-E93A-4C90-87F6-1326D50E04C1}.PrepOutput|Any CPU.ActiveCfg = Release|Win32
		{211FA545-E93A-4C90-87F6-1326D50E04C1}.PrepOutput|Mixed Platforms.ActiveCfg = Release|Win32
		{211FA545-E93A-4C90-87F6-1326D50E04C1}.PrepOutput|Mixed Platforms.Build.0 = Release|Win32
		{211FA545-E93A-4C90-87F6-1326D50E04C1}.PrepOutput|Win32.ActiveCfg = Release|Win32
		{211FA545-E93A-4C90-87F6-1326D50E04C1}.PrepOutput|Win32.Build.0 = Release|Win32
		{211FA545-E93A-4C90-87F6-1326D50E04C1}.Release|Any CPU.ActiveCfg = Release|Win32
		{211FA545-E93A-4C90-87F6-1326D50E04C1}.Release|Mixed Platforms.ActiveCfg = Release|Win32
		{211FA545-E93A-4C90-87F6-1326D50E04C1}.Release|Mixed Platforms.Build.0 = Release|Win32
		{211FA545-E93A-4C90-87F6-1326D50E04C1}.Release|Win32.ActiveCfg = Release|Win32
		{211FA545-E93A-4C90-87F6-1326D50E04C1}.Release|Win32.Build.0 = Release|Win32
		{211FA545-E93A-4C90-87F6-1326D50E04C1}.ReleaseTest|Any CPU.ActiveCfg = Release|Win32
		{211FA545-E93A-4C90-87F6-1326D50E04C1}.ReleaseTest|Mixed Platforms.ActiveCfg = Release|Win32
		{211FA545-E93A-4C90-87F6-1326D50E04C1}.ReleaseTest|Mixed Platforms.Build.0 = Release|Win32
		{211FA545-E93A-4C90-87F6-1326D50E04C1}.ReleaseTest|Win32.ActiveCfg = Release|Win32
		{211FA545-E93A-4C90-87F6-1326D50E04C1}.ReleaseTest|Win32.Build.0 = Release|Win32
		{211FA545-E93A-4C90-87F6-1326D50E04C1}.ReleaseTestNoOpt|Any CPU.ActiveCfg = Release|Win32
		{211FA545-E93A-4C90-87F6-1326D50E04C1}.ReleaseTestNoOpt|Mixed Platforms.ActiveCfg = Release|Win32
		{211FA545-E93A-4C90-87F6-1326D50E04C1}.ReleaseTestNoOpt|Mixed Platforms.Build.0 = Release|Win32
		{211FA545-E93A-4C90-87F6-1326D50E04C1}.ReleaseTestNoOpt|Win32.ActiveCfg = Release|Win32
		{211FA545-E93A-4C90-87F6-1326D50E04C1}.ReleaseTestNoOpt|Win32.Build.0 = Release|Win32
		{211FA545-E93A-4C90-87F6-1326D50E04C1}.SuperDebug|Any CPU.ActiveCfg = Debug|Win32
		{211FA545-E93A-4C90-87F6-1326D50E04C1}.SuperDebug|Mixed Platforms.ActiveCfg = Debug|Win32
		{211FA545-E93A-4C90-87F6-1326D50E04C1}.SuperDebug|Mixed Platforms.Build.0 = Debug|Win32
		{211FA545-E93A-4C90-87F6-1326D50E04C1}.SuperDebug|Win32.ActiveCfg = Debug|Win32
		{211FA545-E93A-4C90-87F6-1326D50E04C1}.SuperDebug|Win32.Build.0 = Debug|Win32
	EndGlobalSection
	GlobalSection(SolutionProperties) = preSolution
		HideSolutionNode = FALSE
	EndGlobalSection
EndGlobal
